// !$*UTF8*$!
{
	archiveVersion = 1;
	classes = {
	};
	objectVersion = 50;
	objects = {

/* Begin PBXBuildFile section */
		8434992924919A4F0072001A /* AppDelegate.swift in Sources */ = {isa = PBXBuildFile; fileRef = 8434992824919A4F0072001A /* AppDelegate.swift */; };
		8434992D24919A4F0072001A /* ViewController.swift in Sources */ = {isa = PBXBuildFile; fileRef = 8434992C24919A4F0072001A /* ViewController.swift */; };
		8434993024919A4F0072001A /* Main.storyboard in Resources */ = {isa = PBXBuildFile; fileRef = 8434992E24919A4F0072001A /* Main.storyboard */; };
		8434993224919A530072001A /* Assets.xcassets in Resources */ = {isa = PBXBuildFile; fileRef = 8434993124919A530072001A /* Assets.xcassets */; };
		8434993524919A530072001A /* LaunchScreen.storyboard in Resources */ = {isa = PBXBuildFile; fileRef = 8434993324919A530072001A /* LaunchScreen.storyboard */; };
		8434993E24919A6F0072001A /* CoreLocation.framework in Frameworks */ = {isa = PBXBuildFile; fileRef = 8434993D24919A6E0072001A /* CoreLocation.framework */; };
		8434994124919B7A0072001A /* Location.swift in Sources */ = {isa = PBXBuildFile; fileRef = 8434993F24919B7A0072001A /* Location.swift */; };
		8434994224919B7A0072001A /* LocationsStorage.swift in Sources */ = {isa = PBXBuildFile; fileRef = 8434994024919B7A0072001A /* LocationsStorage.swift */; };
		8434994424919B8A0072001A /* PlacesTableViewController.swift in Sources */ = {isa = PBXBuildFile; fileRef = 8434994324919B890072001A /* PlacesTableViewController.swift */; };
/* End PBXBuildFile section */

/* Begin PBXFileReference section */
		8434992524919A4F0072001A /* TestSLC.app */ = {isa = PBXFileReference; explicitFileType = wrapper.application; includeInIndex = 0; path = TestSLC.app; sourceTree = BUILT_PRODUCTS_DIR; };
		8434992824919A4F0072001A /* AppDelegate.swift */ = {isa = PBXFileReference; lastKnownFileType = sourcecode.swift; path = AppDelegate.swift; sourceTree = "<group>"; };
		8434992C24919A4F0072001A /* ViewController.swift */ = {isa = PBXFileReference; lastKnownFileType = sourcecode.swift; path = ViewController.swift; sourceTree = "<group>"; };
		8434992F24919A4F0072001A /* Base */ = {isa = PBXFileReference; lastKnownFileType = file.storyboard; name = Base; path = Base.lproj/Main.storyboard; sourceTree = "<group>"; };
		8434993124919A530072001A /* Assets.xcassets */ = {isa = PBXFileReference; lastKnownFileType = folder.assetcatalog; path = Assets.xcassets; sourceTree = "<group>"; };
		8434993424919A530072001A /* Base */ = {isa = PBXFileReference; lastKnownFileType = file.storyboard; name = Base; path = Base.lproj/LaunchScreen.storyboard; sourceTree = "<group>"; };
		8434993624919A530072001A /* Info.plist */ = {isa = PBXFileReference; lastKnownFileType = text.plist.xml; path = Info.plist; sourceTree = "<group>"; };
		8434993D24919A6E0072001A /* CoreLocation.framework */ = {isa = PBXFileReference; lastKnownFileType = wrapper.framework; name = CoreLocation.framework; path = System/Library/Frameworks/CoreLocation.framework; sourceTree = SDKROOT; };
		8434993F24919B7A0072001A /* Location.swift */ = {isa = PBXFileReference; fileEncoding = 4; lastKnownFileType = sourcecode.swift; path = Location.swift; sourceTree = "<group>"; };
		8434994024919B7A0072001A /* LocationsStorage.swift */ = {isa = PBXFileReference; fileEncoding = 4; lastKnownFileType = sourcecode.swift; path = LocationsStorage.swift; sourceTree = "<group>"; };
		8434994324919B890072001A /* PlacesTableViewController.swift */ = {isa = PBXFileReference; fileEncoding = 4; lastKnownFileType = sourcecode.swift; path = PlacesTableViewController.swift; sourceTree = "<group>"; };
/* End PBXFileReference section */

/* Begin PBXFrameworksBuildPhase section */
		8434992224919A4F0072001A /* Frameworks */ = {
			isa = PBXFrameworksBuildPhase;
			buildActionMask = 2147483647;
			files = (
				8434993E24919A6F0072001A /* CoreLocation.framework in Frameworks */,
			);
			runOnlyForDeploymentPostprocessing = 0;
		};
/* End PBXFrameworksBuildPhase section */

/* Begin PBXGroup section */
		8434991C24919A4F0072001A = {
			isa = PBXGroup;
			children = (
				8434992724919A4F0072001A /* TestSLC */,
				8434992624919A4F0072001A /* Products */,
				8434993C24919A6E0072001A /* Frameworks */,
			);
			sourceTree = "<group>";
		};
		8434992624919A4F0072001A /* Products */ = {
			isa = PBXGroup;
			children = (
				8434992524919A4F0072001A /* TestSLC.app */,
			);
			name = Products;
			sourceTree = "<group>";
		};
		8434992724919A4F0072001A /* TestSLC */ = {
			isa = PBXGroup;
			children = (
				8434994324919B890072001A /* PlacesTableViewController.swift */,
				8434993F24919B7A0072001A /* Location.swift */,
				8434994024919B7A0072001A /* LocationsStorage.swift */,
				8434992824919A4F0072001A /* AppDelegate.swift */,
				8434992C24919A4F0072001A /* ViewController.swift */,
				8434992E24919A4F0072001A /* Main.storyboard */,
				8434993124919A530072001A /* Assets.xcassets */,
				8434993324919A530072001A /* LaunchScreen.storyboard */,
				8434993624919A530072001A /* Info.plist */,
			);
			path = TestSLC;
			sourceTree = "<group>";
		};
		8434993C24919A6E0072001A /* Frameworks */ = {
			isa = PBXGroup;
			children = (
				8434993D24919A6E0072001A /* CoreLocation.framework */,
			);
			name = Frameworks;
			sourceTree = "<group>";
		};
/* End PBXGroup section */

/* Begin PBXNativeTarget section */
		8434992424919A4F0072001A /* TestSLC */ = {
			isa = PBXNativeTarget;
			buildConfigurationList = 8434993924919A530072001A /* Build configuration list for PBXNativeTarget "TestSLC" */;
			buildPhases = (
				8434992124919A4F0072001A /* Sources */,
				8434992224919A4F0072001A /* Frameworks */,
				8434992324919A4F0072001A /* Resources */,
			);
			buildRules = (
			);
			dependencies = (
			);
			name = TestSLC;
			productName = TestSLC;
			productReference = 8434992524919A4F0072001A /* TestSLC.app */;
			productType = "com.apple.product-type.application";
		};
/* End PBXNativeTarget section */

/* Begin PBXProject section */
		8434991D24919A4F0072001A /* Project object */ = {
			isa = PBXProject;
			attributes = {
				LastSwiftUpdateCheck = 1150;
				LastUpgradeCheck = 1150;
				ORGANIZATIONNAME = ItWorksinUA;
				TargetAttributes = {
					8434992424919A4F0072001A = {
						CreatedOnToolsVersion = 11.5;
					};
				};
			};
			buildConfigurationList = 8434992024919A4F0072001A /* Build configuration list for PBXProject "TestSLC" */;
			compatibilityVersion = "Xcode 9.3";
			developmentRegion = en;
			hasScannedForEncodings = 0;
			knownRegions = (
				en,
				Base,
			);
			mainGroup = 8434991C24919A4F0072001A;
			productRefGroup = 8434992624919A4F0072001A /* Products */;
			projectDirPath = "";
			projectRoot = "";
			targets = (
				8434992424919A4F0072001A /* TestSLC */,
			);
		};
/* End PBXProject section */

/* Begin PBXResourcesBuildPhase section */
		8434992324919A4F0072001A /* Resources */ = {
			isa = PBXResourcesBuildPhase;
			buildActionMask = 2147483647;
			files = (
				8434993524919A530072001A /* LaunchScreen.storyboard in Resources */,
				8434993224919A530072001A /* Assets.xcassets in Resources */,
				8434993024919A4F0072001A /* Main.storyboard in Resources */,
			);
			runOnlyForDeploymentPostprocessing = 0;
		};
/* End PBXResourcesBuildPhase section */

/* Begin PBXSourcesBuildPhase section */
		8434992124919A4F0072001A /* Sources */ = {
			isa = PBXSourcesBuildPhase;
			buildActionMask = 2147483647;
			files = (
				8434992D24919A4F0072001A /* ViewController.swift in Sources */,
				8434992924919A4F0072001A /* AppDelegate.swift in Sources */,
				8434994124919B7A0072001A /* Location.swift in Sources */,
				8434994224919B7A0072001A /* LocationsStorage.swift in Sources */,
				8434994424919B8A0072001A /* PlacesTableViewController.swift in Sources */,
			);
			runOnlyForDeploymentPostprocessing = 0;
		};
/* End PBXSourcesBuildPhase section */

/* Begin PBXVariantGroup section */
		8434992E24919A4F0072001A /* Main.storyboard */ = {
			isa = PBXVariantGroup;
			children = (
				8434992F24919A4F0072001A /* Base */,
			);
			name = Main.storyboard;
			sourceTree = "<group>";
		};
		8434993324919A530072001A /* LaunchScreen.storyboard */ = {
			isa = PBXVariantGroup;
			children = (
				8434993424919A530072001A /* Base */,
			);
			name = LaunchScreen.storyboard;
			sourceTree = "<group>";
		};
/* End PBXVariantGroup section */

/* Begin XCBuildConfiguration section */
		8434993724919A530072001A /* Debug */ = {
			isa = XCBuildConfiguration;
			buildSettings = {
				ALWAYS_SEARCH_USER_PATHS = NO;
				CLANG_ANALYZER_NONNULL = YES;
				CLANG_ANALYZER_NUMBER_OBJECT_CONVERSION = YES_AGGRESSIVE;
				CLANG_CXX_LANGUAGE_STANDARD = "gnu++14";
				CLANG_CXX_LIBRARY = "libc++";
				CLANG_ENABLE_MODULES = YES;
				CLANG_ENABLE_OBJC_ARC = YES;
				CLANG_ENABLE_OBJC_WEAK = YES;
				CLANG_WARN_BLOCK_CAPTURE_AUTORELEASING = YES;
				CLANG_WARN_BOOL_CONVERSION = YES;
				CLANG_WARN_COMMA = YES;
				CLANG_WARN_CONSTANT_CONVERSION = YES;
				CLANG_WARN_DEPRECATED_OBJC_IMPLEMENTATIONS = YES;
				CLANG_WARN_DIRECT_OBJC_ISA_USAGE = YES_ERROR;
				CLANG_WARN_DOCUMENTATION_COMMENTS = YES;
				CLANG_WARN_EMPTY_BODY = YES;
				CLANG_WARN_ENUM_CONVERSION = YES;
				CLANG_WARN_INFINITE_RECURSION = YES;
				CLANG_WARN_INT_CONVERSION = YES;
				CLANG_WARN_NON_LITERAL_NULL_CONVERSION = YES;
				CLANG_WARN_OBJC_IMPLICIT_RETAIN_SELF = YES;
				CLANG_WARN_OBJC_LITERAL_CONVERSION = YES;
				CLANG_WARN_OBJC_ROOT_CLASS = YES_ERROR;
				CLANG_WARN_RANGE_LOOP_ANALYSIS = YES;
				CLANG_WARN_STRICT_PROTOTYPES = YES;
				CLANG_WARN_SUSPICIOUS_MOVE = YES;
				CLANG_WARN_UNGUARDED_AVAILABILITY = YES_AGGRESSIVE;
				CLANG_WARN_UNREACHABLE_CODE = YES;
				CLANG_WARN__DUPLICATE_METHOD_MATCH = YES;
				COPY_PHASE_STRIP = NO;
				DEBUG_INFORMATION_FORMAT = dwarf;
				ENABLE_STRICT_OBJC_MSGSEND = YES;
				ENABLE_TESTABILITY = YES;
				GCC_C_LANGUAGE_STANDARD = gnu11;
				GCC_DYNAMIC_NO_PIC = NO;
				GCC_NO_COMMON_BLOCKS = YES;
				GCC_OPTIMIZATION_LEVEL = 0;
				GCC_PREPROCESSOR_DEFINITIONS = (
					"DEBUG=1",
					"$(inherited)",
				);
				GCC_WARN_64_TO_32_BIT_CONVERSION = YES;
				GCC_WARN_ABOUT_RETURN_TYPE = YES_ERROR;
				GCC_WARN_UNDECLARED_SELECTOR = YES;
				GCC_WARN_UNINITIALIZED_AUTOS = YES_AGGRESSIVE;
				GCC_WARN_UNUSED_FUNCTION = YES;
				GCC_WARN_UNUSED_VARIABLE = YES;
				IPHONEOS_DEPLOYMENT_TARGET = 13.5;
				MTL_ENABLE_DEBUG_INFO = INCLUDE_SOURCE;
				MTL_FAST_MATH = YES;
				ONLY_ACTIVE_ARCH = YES;
				SDKROOT = iphoneos;
				SWIFT_ACTIVE_COMPILATION_CONDITIONS = DEBUG;
				SWIFT_OPTIMIZATION_LEVEL = "-Onone";
			};
			name = Debug;
		};
		8434993824919A530072001A /* Release */ = {
			isa = XCBuildConfiguration;
			buildSettings = {
				ALWAYS_SEARCH_USER_PATHS = NO;
				CLANG_ANALYZER_NONNULL = YES;
				CLANG_ANALYZER_NUMBER_OBJECT_CONVERSION = YES_AGGRESSIVE;
				CLANG_CXX_LANGUAGE_STANDARD = "gnu++14";
				CLANG_CXX_LIBRARY = "libc++";
				CLANG_ENABLE_MODULES = YES;
				CLANG_ENABLE_OBJC_ARC = YES;
				CLANG_ENABLE_OBJC_WEAK = YES;
				CLANG_WARN_BLOCK_CAPTURE_AUTORELEASING = YES;
				CLANG_WARN_BOOL_CONVERSION = YES;
				CLANG_WARN_COMMA = YES;
				CLANG_WARN_CONSTANT_CONVERSION = YES;
				CLANG_WARN_DEPRECATED_OBJC_IMPLEMENTATIONS = YES;
				CLANG_WARN_DIRECT_OBJC_ISA_USAGE = YES_ERROR;
				CLANG_WARN_DOCUMENTATION_COMMENTS = YES;
				CLANG_WARN_EMPTY_BODY = YES;
				CLANG_WARN_ENUM_CONVERSION = YES;
				CLANG_WARN_INFINITE_RECURSION = YES;
				CLANG_WARN_INT_CONVERSION = YES;
				CLANG_WARN_NON_LITERAL_NULL_CONVERSION = YES;
				CLANG_WARN_OBJC_IMPLICIT_RETAIN_SELF = YES;
				CLANG_WARN_OBJC_LITERAL_CONVERSION = YES;
				CLANG_WARN_OBJC_ROOT_CLASS = YES_ERROR;
				CLANG_WARN_RANGE_LOOP_ANALYSIS = YES;
				CLANG_WARN_STRICT_PROTOTYPES = YES;
				CLANG_WARN_SUSPICIOUS_MOVE = YES;
				CLANG_WARN_UNGUARDED_AVAILABILITY = YES_AGGRESSIVE;
				CLANG_WARN_UNREACHABLE_CODE = YES;
				CLANG_WARN__DUPLICATE_METHOD_MATCH = YES;
				COPY_PHASE_STRIP = NO;
				DEBUG_INFORMATION_FORMAT = "dwarf-with-dsym";
				ENABLE_NS_ASSERTIONS = NO;
				ENABLE_STRICT_OBJC_MSGSEND = YES;
				GCC_C_LANGUAGE_STANDARD = gnu11;
				GCC_NO_COMMON_BLOCKS = YES;
				GCC_WARN_64_TO_32_BIT_CONVERSION = YES;
				GCC_WARN_ABOUT_RETURN_TYPE = YES_ERROR;
				GCC_WARN_UNDECLARED_SELECTOR = YES;
				GCC_WARN_UNINITIALIZED_AUTOS = YES_AGGRESSIVE;
				GCC_WARN_UNUSED_FUNCTION = YES;
				GCC_WARN_UNUSED_VARIABLE = YES;
				IPHONEOS_DEPLOYMENT_TARGET = 13.5;
				MTL_ENABLE_DEBUG_INFO = NO;
				MTL_FAST_MATH = YES;
				SDKROOT = iphoneos;
				SWIFT_COMPILATION_MODE = wholemodule;
				SWIFT_OPTIMIZATION_LEVEL = "-O";
				VALIDATE_PRODUCT = YES;
			};
			name = Release;
		};
		8434993A24919A530072001A /* Debug */ = {
			isa = XCBuildConfiguration;
			buildSettings = {
				ASSETCATALOG_COMPILER_APPICON_NAME = AppIcon;
				CODE_SIGN_STYLE = Automatic;
				DEVELOPMENT_TEAM = P3J7HDD4K6;
				INFOPLIST_FILE = TestSLC/Info.plist;
				IPHONEOS_DEPLOYMENT_TARGET = 12.4;
				LD_RUNPATH_SEARCH_PATHS = (
					"$(inherited)",
					"@executable_path/Frameworks",
				);
				PRODUCT_BUNDLE_IDENTIFIER = ItWorksinUA.TestSLC;
				PRODUCT_NAME = "$(TARGET_NAME)";
				SWIFT_VERSION = 5.0;
				TARGETED_DEVICE_FAMILY = "1,2";
			};
			name = Debug;
		};
		8434993B24919A530072001A /* Release */ = {
			isa = XCBuildConfiguration;
			buildSettings = {
				ASSETCATALOG_COMPILER_APPICON_NAME = AppIcon;
				CODE_SIGN_STYLE = Automatic;
				DEVELOPMENT_TEAM = P3J7HDD4K6;
				INFOPLIST_FILE = TestSLC/Info.plist;
				IPHONEOS_DEPLOYMENT_TARGET = 12.4;
				LD_RUNPATH_SEARCH_PATHS = (
					"$(inherited)",
					"@executable_path/Frameworks",
				);
				PRODUCT_BUNDLE_IDENTIFIER = ItWorksinUA.TestSLC;
				PRODUCT_NAME = "$(TARGET_NAME)";
				SWIFT_VERSION = 5.0;
				TARGETED_DEVICE_FAMILY = "1,2";
			};
			name = Release;
		};
/* End XCBuildConfiguration section */

/* Begin XCConfigurationList section */
		8434992024919A4F0072001A /* Build configuration list for PBXProject "TestSLC" */ = {
			isa = XCConfigurationList;
			buildConfigurations = (
				8434993724919A530072001A /* Debug */,
				8434993824919A530072001A /* Release */,
			);
			defaultConfigurationIsVisible = 0;
			defaultConfigurationName = Release;
		};
		8434993924919A530072001A /* Build configuration list for PBXNativeTarget "TestSLC" */ = {
			isa = XCConfigurationList;
			buildConfigurations = (
				8434993A24919A530072001A /* Debug */,
				8434993B24919A530072001A /* Release */,
			);
			defaultConfigurationIsVisible = 0;
			defaultConfigurationName = Release;
		};
/* End XCConfigurationList section */
	};
	rootObject = 8434991D24919A4F0072001A /* Project object */;
}
